
Microsoft Visual Studio Solution File, Format Version 12.00
# Visual Studio Version 16
VisualStudioVersion = 16.0.29424.173
MinimumVisualStudioVersion = 10.0.40219.1
Project("{FAE04EC0-301F-11D3-BF4B-00C04F79EFBC}") = "TestGetAndSendEmail", "TestGetAndSendEmail\TestGetAndSendEmail.csproj", "{90510678-3C7E-49BE-8BC4-096A34B73D6B}"
EndProject
Global
	GlobalSection(SolutionConfigurationPlatforms) = preSolution
		Debug|Any CPU = Debug|Any CPU
		Release|Any CPU = Release|Any CPU
	EndGlobalSection
	GlobalSection(ProjectConfigurationPlatforms) = postSolution
		{90510678-3C7E-49BE-8BC4-096A34B73D6B}.Debug|Any CPU.ActiveCfg = Debug|Any CPU
		{90510678-3C7E-49BE-8BC4-096A34B73D6B}.Debug|Any CPU.Build.0 = Debug|Any CPU
		{90510678-3C7E-49BE-8BC4-096A34B73D6B}.Release|Any CPU.ActiveCfg = Release|Any CPU
		{90510678-3C7E-49BE-8BC4-096A34B73D6B}.Release|Any CPU.Build.0 = Release|Any CPU
	EndGlobalSection
	GlobalSection(SolutionProperties) = preSolution
		HideSolutionNode = FALSE
	EndGlobalSection
	GlobalSection(ExtensibilityGlobals) = postSolution
		SolutionGuid = {31C05F37-AB1F-4B04-A75D-FACD48B95DEB}
	EndGlobalSection
EndGlobal
